
Microsoft Visual Studio Solution File, Format Version 12.00
# Visual Studio 2012
Project("{FAE04EC0-301F-11D3-BF4B-00C04F79EFBC}") = "Sokoban", "Game\Sokoban.csproj", "{D1B6CAC3-8320-4F80-8B52-9871D6A8A499}"
EndProject
Project("{FAE04EC0-301F-11D3-BF4B-00C04F79EFBC}") = "Sokoban.Testing", "Sokoban.Testing\Sokoban.Testing.csproj", "{613DFC12-4E26-4E35-9F0D-441F4CC9AFCB}"
EndProject
Project("{FAE04EC0-301F-11D3-BF4B-00C04F79EFBC}") = "Sokoban.Frontend", "Sokoban.Frontend\Sokoban.Frontend.csproj", "{65ED86A2-5076-4F2D-93FD-32B4D925EF3E}"
EndProject
Global
	GlobalSection(SolutionConfigurationPlatforms) = preSolution
		Debug|Any CPU = Debug|Any CPU
		Release|Any CPU = Release|Any CPU
	EndGlobalSection
	GlobalSection(ProjectConfigurationPlatforms) = postSolution
		{D1B6CAC3-8320-4F80-8B52-9871D6A8A499}.Debug|Any CPU.ActiveCfg = Debug|Any CPU
		{D1B6CAC3-8320-4F80-8B52-9871D6A8A499}.Debug|Any CPU.Build.0 = Debug|Any CPU
		{D1B6CAC3-8320-4F80-8B52-9871D6A8A499}.Release|Any CPU.ActiveCfg = Release|Any CPU
		{D1B6CAC3-8320-4F80-8B52-9871D6A8A499}.Release|Any CPU.Build.0 = Release|Any CPU
		{613DFC12-4E26-4E35-9F0D-441F4CC9AFCB}.Debug|Any CPU.ActiveCfg = Debug|Any CPU
		{613DFC12-4E26-4E35-9F0D-441F4CC9AFCB}.Debug|Any CPU.Build.0 = Debug|Any CPU
		{613DFC12-4E26-4E35-9F0D-441F4CC9AFCB}.Release|Any CPU.ActiveCfg = Release|Any CPU
		{613DFC12-4E26-4E35-9F0D-441F4CC9AFCB}.Release|Any CPU.Build.0 = Release|Any CPU
		{65ED86A2-5076-4F2D-93FD-32B4D925EF3E}.Debug|Any CPU.ActiveCfg = Debug|Any CPU
		{65ED86A2-5076-4F2D-93FD-32B4D925EF3E}.Debug|Any CPU.Build.0 = Debug|Any CPU
		{65ED86A2-5076-4F2D-93FD-32B4D925EF3E}.Release|Any CPU.ActiveCfg = Release|Any CPU
		{65ED86A2-5076-4F2D-93FD-32B4D925EF3E}.Release|Any CPU.Build.0 = Release|Any CPU
	EndGlobalSection
	GlobalSection(SolutionProperties) = preSolution
		HideSolutionNode = FALSE
	EndGlobalSection
EndGlobal
